
Microsoft Visual Studio Solution File, Format Version 12.00
# Visual Studio Version 16
VisualStudioVersion = 16.0.32228.343
MinimumVisualStudioVersion = 10.0.40219.1
Project("{FAE04EC0-301F-11D3-BF4B-00C04F79EFBC}") = "WpfApp5", "WpfApp5\WpfApp5.csproj", "{55CAEF9C-09AD-48B5-9193-1AFF158E6E89}"
EndProject
Global
	GlobalSection(SolutionConfigurationPlatforms) = preSolution
		Debug|Any CPU = Debug|Any CPU
		Release|Any CPU = Release|Any CPU
	EndGlobalSection
	GlobalSection(ProjectConfigurationPlatforms) = postSolution
		{55CAEF9C-09AD-48B5-9193-1AFF158E6E89}.Debug|Any CPU.ActiveCfg = Debug|Any CPU
		{55CAEF9C-09AD-48B5-9193-1AFF158E6E89}.Debug|Any CPU.Build.0 = Debug|Any CPU
		{55CAEF9C-09AD-48B5-9193-1AFF158E6E89}.Release|Any CPU.ActiveCfg = Release|Any CPU
		{55CAEF9C-09AD-48B5-9193-1AFF158E6E89}.Release|Any CPU.Build.0 = Release|Any CPU
	EndGlobalSection
	GlobalSection(SolutionProperties) = preSolution
		HideSolutionNode = FALSE
	EndGlobalSection
	GlobalSection(ExtensibilityGlobals) = postSolution
		SolutionGuid = {F4474431-8174-4497-AD87-AEF003085C6D}
	EndGlobalSection
EndGlobal
